// !$*UTF8*$!
{
	archiveVersion = 1;
	classes = {
	};
	objectVersion = 46;
	objects = {

/* Begin PBXBuildFile section */
		3C6F33081CE315B20079BC1C /* uexAVCaptureOutputViewController.m in Sources */ = {isa = PBXBuildFile; fileRef = 3C6F33071CE315B20079BC1C /* uexAVCaptureOutputViewController.m */; };
		421901DC1D9E496B00DF94B0 /* ocrBack.png in Resources */ = {isa = PBXBuildFile; fileRef = 421901D81D9E496B00DF94B0 /* ocrBack.png */; };
		421901DD1D9E496B00DF94B0 /* ocr_flash-off.png in Resources */ = {isa = PBXBuildFile; fileRef = 421901D91D9E496B00DF94B0 /* ocr_flash-off.png */; };
		421901DE1D9E496B00DF94B0 /* ocr_albums.png in Resources */ = {isa = PBXBuildFile; fileRef = 421901DA1D9E496B00DF94B0 /* ocr_albums.png */; };
		421901DF1D9E496B00DF94B0 /* line.png in Resources */ = {isa = PBXBuildFile; fileRef = 421901DB1D9E496B00DF94B0 /* line.png */; };
		4282684A1C28E59300A10A68 /* uexZXingScannerViewController.m in Sources */ = {isa = PBXBuildFile; fileRef = 428268491C28E59300A10A68 /* uexZXingScannerViewController.m */; };
		428268571C28E8BE00A10A68 /* down.png in Resources */ = {isa = PBXBuildFile; fileRef = 4282684C1C28E8BE00A10A68 /* down.png */; };
		428268581C28E8BE00A10A68 /* line@2x.png in Resources */ = {isa = PBXBuildFile; fileRef = 4282684D1C28E8BE00A10A68 /* line@2x.png */; };
		428268591C28E8BE00A10A68 /* ocr_albums@2x.png in Resources */ = {isa = PBXBuildFile; fileRef = 4282684E1C28E8BE00A10A68 /* ocr_albums@2x.png */; };
		4282685A1C28E8BE00A10A68 /* ocr_albums@3x.png in Resources */ = {isa = PBXBuildFile; fileRef = 4282684F1C28E8BE00A10A68 /* ocr_albums@3x.png */; };
		4282685B1C28E8BE00A10A68 /* ocr_flash-off@2x.png in Resources */ = {isa = PBXBuildFile; fileRef = 428268501C28E8BE00A10A68 /* ocr_flash-off@2x.png */; };
		4282685C1C28E8BE00A10A68 /* ocr_flash-off@3x.png in Resources */ = {isa = PBXBuildFile; fileRef = 428268511C28E8BE00A10A68 /* ocr_flash-off@3x.png */; };
		4282685D1C28E8BE00A10A68 /* ocrBack@2x.png in Resources */ = {isa = PBXBuildFile; fileRef = 428268521C28E8BE00A10A68 /* ocrBack@2x.png */; };
		4282685E1C28E8BE00A10A68 /* ocrBack@3x.png in Resources */ = {isa = PBXBuildFile; fileRef = 428268531C28E8BE00A10A68 /* ocrBack@3x.png */; };
		4282685F1C28E8BE00A10A68 /* pick_bg.png in Resources */ = {isa = PBXBuildFile; fileRef = 428268541C28E8BE00A10A68 /* pick_bg.png */; };
		428268601C28E8BE00A10A68 /* up.png in Resources */ = {isa = PBXBuildFile; fileRef = 428268551C28E8BE00A10A68 /* up.png */; };
		428E158B1C2A31EE00084165 /* ZXingObjC.framework in CopyFiles */ = {isa = PBXBuildFile; fileRef = 42FE64E81C291DD200B6EF17 /* ZXingObjC.framework */; };
		42FE64E91C291DD200B6EF17 /* ZXingObjC.framework in Frameworks */ = {isa = PBXBuildFile; fileRef = 42FE64E81C291DD200B6EF17 /* ZXingObjC.framework */; };
		F728A2AE1AB80084003FDDA4 /* EUExScanner.m in Sources */ = {isa = PBXBuildFile; fileRef = F728A2AD1AB80084003FDDA4 /* EUExScanner.m */; };
		F728A2B21AB801CC003FDDA4 /* CoreVideo.framework in Frameworks */ = {isa = PBXBuildFile; fileRef = F728A2B11AB801CC003FDDA4 /* CoreVideo.framework */; };
		F728A2B41AB801D7003FDDA4 /* CoreMedia.framework in Frameworks */ = {isa = PBXBuildFile; fileRef = F728A2B31AB801D7003FDDA4 /* CoreMedia.framework */; };
		F728A2B61AB801E1003FDDA4 /* AVFoundation.framework in Frameworks */ = {isa = PBXBuildFile; fileRef = F728A2B51AB801E1003FDDA4 /* AVFoundation.framework */; };
		F728A2B81AB801E8003FDDA4 /* QuartzCore.framework in Frameworks */ = {isa = PBXBuildFile; fileRef = F728A2B71AB801E8003FDDA4 /* QuartzCore.framework */; };
		F728A2BA1AB801EE003FDDA4 /* CoreGraphics.framework in Frameworks */ = {isa = PBXBuildFile; fileRef = F728A2B91AB801EE003FDDA4 /* CoreGraphics.framework */; };
		F728A2BC1AB8020A003FDDA4 /* UIKit.framework in Frameworks */ = {isa = PBXBuildFile; fileRef = F728A2BB1AB8020A003FDDA4 /* UIKit.framework */; };
		F728A2BE1AB80210003FDDA4 /* Foundation.framework in Frameworks */ = {isa = PBXBuildFile; fileRef = F728A2BD1AB80210003FDDA4 /* Foundation.framework */; };
/* End PBXBuildFile section */

/* Begin PBXContainerItemProxy section */
		42B6883B1C4CAF9E0076EA30 /* PBXContainerItemProxy */ = {
			isa = PBXContainerItemProxy;
			containerPortal = F728A2481AB7FC27003FDDA4 /* Project object */;
			proxyType = 1;
			remoteGlobalIDString = 428268291C280A3100A10A68;
			remoteInfo = uexScannerBundle;
		};
/* End PBXContainerItemProxy section */

/* Begin PBXCopyFilesBuildPhase section */
		F728A24E1AB7FC27003FDDA4 /* CopyFiles */ = {
			isa = PBXCopyFilesBuildPhase;
			buildActionMask = 2147483647;
			dstPath = "";
			dstSubfolderSpec = 16;
			files = (
				428E158B1C2A31EE00084165 /* ZXingObjC.framework in CopyFiles */,
			);
			runOnlyForDeploymentPostprocessing = 0;
		};
/* End PBXCopyFilesBuildPhase section */

/* Begin PBXFileReference section */
		3C6F33061CE315B10079BC1C /* uexAVCaptureOutputViewController.h */ = {isa = PBXFileReference; fileEncoding = 4; lastKnownFileType = sourcecode.c.h; path = uexAVCaptureOutputViewController.h; sourceTree = "<group>"; };
		3C6F33071CE315B20079BC1C /* uexAVCaptureOutputViewController.m */ = {isa = PBXFileReference; fileEncoding = 4; lastKnownFileType = sourcecode.c.objc; path = uexAVCaptureOutputViewController.m; sourceTree = "<group>"; };
		421901D81D9E496B00DF94B0 /* ocrBack.png */ = {isa = PBXFileReference; lastKnownFileType = image.png; path = ocrBack.png; sourceTree = "<group>"; };
		421901D91D9E496B00DF94B0 /* ocr_flash-off.png */ = {isa = PBXFileReference; lastKnownFileType = image.png; path = "ocr_flash-off.png"; sourceTree = "<group>"; };
		421901DA1D9E496B00DF94B0 /* ocr_albums.png */ = {isa = PBXFileReference; lastKnownFileType = image.png; path = ocr_albums.png; sourceTree = "<group>"; };
		421901DB1D9E496B00DF94B0 /* line.png */ = {isa = PBXFileReference; lastKnownFileType = image.png; path = line.png; sourceTree = "<group>"; };
		4282682A1C280A3100A10A68 /* uexScanner.bundle */ = {isa = PBXFileReference; explicitFileType = wrapper.cfbundle; includeInIndex = 0; path = uexScanner.bundle; sourceTree = BUILT_PRODUCTS_DIR; };
		428268321C280B7B00A10A68 /* EUtility.h */ = {isa = PBXFileReference; fileEncoding = 4; lastKnownFileType = sourcecode.c.h; path = EUtility.h; sourceTree = "<group>"; };
		428268461C28E52800A10A68 /* PrefixHeader.pch */ = {isa = PBXFileReference; fileEncoding = 4; lastKnownFileType = sourcecode.c.h; path = PrefixHeader.pch; sourceTree = "<group>"; };
		428268481C28E59300A10A68 /* uexZXingScannerViewController.h */ = {isa = PBXFileReference; fileEncoding = 4; lastKnownFileType = sourcecode.c.h; path = uexZXingScannerViewController.h; sourceTree = "<group>"; };
		428268491C28E59300A10A68 /* uexZXingScannerViewController.m */ = {isa = PBXFileReference; fileEncoding = 4; lastKnownFileType = sourcecode.c.objc; path = uexZXingScannerViewController.m; sourceTree = "<group>"; };
		4282684C1C28E8BE00A10A68 /* down.png */ = {isa = PBXFileReference; lastKnownFileType = image.png; path = down.png; sourceTree = "<group>"; };
		4282684D1C28E8BE00A10A68 /* line@2x.png */ = {isa = PBXFileReference; lastKnownFileType = image.png; path = "line@2x.png"; sourceTree = "<group>"; };
		4282684E1C28E8BE00A10A68 /* ocr_albums@2x.png */ = {isa = PBXFileReference; lastKnownFileType = image.png; path = "ocr_albums@2x.png"; sourceTree = "<group>"; };
		4282684F1C28E8BE00A10A68 /* ocr_albums@3x.png */ = {isa = PBXFileReference; lastKnownFileType = image.png; path = "ocr_albums@3x.png"; sourceTree = "<group>"; };
		428268501C28E8BE00A10A68 /* ocr_flash-off@2x.png */ = {isa = PBXFileReference; lastKnownFileType = image.png; path = "ocr_flash-off@2x.png"; sourceTree = "<group>"; };
		428268511C28E8BE00A10A68 /* ocr_flash-off@3x.png */ = {isa = PBXFileReference; lastKnownFileType = image.png; path = "ocr_flash-off@3x.png"; sourceTree = "<group>"; };
		428268521C28E8BE00A10A68 /* ocrBack@2x.png */ = {isa = PBXFileReference; lastKnownFileType = image.png; path = "ocrBack@2x.png"; sourceTree = "<group>"; };
		428268531C28E8BE00A10A68 /* ocrBack@3x.png */ = {isa = PBXFileReference; lastKnownFileType = image.png; path = "ocrBack@3x.png"; sourceTree = "<group>"; };
		428268541C28E8BE00A10A68 /* pick_bg.png */ = {isa = PBXFileReference; lastKnownFileType = image.png; path = pick_bg.png; sourceTree = "<group>"; };
		428268551C28E8BE00A10A68 /* up.png */ = {isa = PBXFileReference; lastKnownFileType = image.png; path = up.png; sourceTree = "<group>"; };
		42FE64E81C291DD200B6EF17 /* ZXingObjC.framework */ = {isa = PBXFileReference; lastKnownFileType = wrapper.framework; path = ZXingObjC.framework; sourceTree = "<group>"; };
		F728A2501AB7FC27003FDDA4 /* libuexScanner.a */ = {isa = PBXFileReference; explicitFileType = archive.ar; includeInIndex = 0; path = libuexScanner.a; sourceTree = BUILT_PRODUCTS_DIR; };
		F728A2A81AB7FF2E003FDDA4 /* EUExBase.h */ = {isa = PBXFileReference; fileEncoding = 4; lastKnownFileType = sourcecode.c.h; path = EUExBase.h; sourceTree = "<group>"; };
		F728A2A91AB7FF2E003FDDA4 /* EUExBaseDefine.h */ = {isa = PBXFileReference; fileEncoding = 4; lastKnownFileType = sourcecode.c.h; path = EUExBaseDefine.h; sourceTree = "<group>"; };
		F728A2AC1AB80084003FDDA4 /* EUExScanner.h */ = {isa = PBXFileReference; fileEncoding = 4; lastKnownFileType = sourcecode.c.h; path = EUExScanner.h; sourceTree = "<group>"; };
		F728A2AD1AB80084003FDDA4 /* EUExScanner.m */ = {isa = PBXFileReference; fileEncoding = 4; lastKnownFileType = sourcecode.c.objc; path = EUExScanner.m; sourceTree = "<group>"; };
		F728A2B11AB801CC003FDDA4 /* CoreVideo.framework */ = {isa = PBXFileReference; lastKnownFileType = wrapper.framework; name = CoreVideo.framework; path = System/Library/Frameworks/CoreVideo.framework; sourceTree = SDKROOT; };
		F728A2B31AB801D7003FDDA4 /* CoreMedia.framework */ = {isa = PBXFileReference; lastKnownFileType = wrapper.framework; name = CoreMedia.framework; path = System/Library/Frameworks/CoreMedia.framework; sourceTree = SDKROOT; };
		F728A2B51AB801E1003FDDA4 /* AVFoundation.framework */ = {isa = PBXFileReference; lastKnownFileType = wrapper.framework; name = AVFoundation.framework; path = System/Library/Frameworks/AVFoundation.framework; sourceTree = SDKROOT; };
		F728A2B71AB801E8003FDDA4 /* QuartzCore.framework */ = {isa = PBXFileReference; lastKnownFileType = wrapper.framework; name = QuartzCore.framework; path = System/Library/Frameworks/QuartzCore.framework; sourceTree = SDKROOT; };
		F728A2B91AB801EE003FDDA4 /* CoreGraphics.framework */ = {isa = PBXFileReference; lastKnownFileType = wrapper.framework; name = CoreGraphics.framework; path = System/Library/Frameworks/CoreGraphics.framework; sourceTree = SDKROOT; };
		F728A2BB1AB8020A003FDDA4 /* UIKit.framework */ = {isa = PBXFileReference; lastKnownFileType = wrapper.framework; name = UIKit.framework; path = System/Library/Frameworks/UIKit.framework; sourceTree = SDKROOT; };
		F728A2BD1AB80210003FDDA4 /* Foundation.framework */ = {isa = PBXFileReference; lastKnownFileType = wrapper.framework; name = Foundation.framework; path = System/Library/Frameworks/Foundation.framework; sourceTree = SDKROOT; };
		F7DF68781AB9626500484237 /* JSON.h */ = {isa = PBXFileReference; fileEncoding = 4; lastKnownFileType = sourcecode.c.h; path = JSON.h; sourceTree = "<group>"; };
		F7DF68791AB9626500484237 /* NSObject+SBJSON.h */ = {isa = PBXFileReference; fileEncoding = 4; lastKnownFileType = sourcecode.c.h; path = "NSObject+SBJSON.h"; sourceTree = "<group>"; };
		F7DF687A1AB9626500484237 /* NSString+SBJSON.h */ = {isa = PBXFileReference; fileEncoding = 4; lastKnownFileType = sourcecode.c.h; path = "NSString+SBJSON.h"; sourceTree = "<group>"; };
		F7DF687B1AB9626500484237 /* SBJSON.h */ = {isa = PBXFileReference; fileEncoding = 4; lastKnownFileType = sourcecode.c.h; path = SBJSON.h; sourceTree = "<group>"; };
		F7DF687C1AB9626500484237 /* SBJsonBase.h */ = {isa = PBXFileReference; fileEncoding = 4; lastKnownFileType = sourcecode.c.h; path = SBJsonBase.h; sourceTree = "<group>"; };
		F7DF687D1AB9626500484237 /* SBJsonParser.h */ = {isa = PBXFileReference; fileEncoding = 4; lastKnownFileType = sourcecode.c.h; path = SBJsonParser.h; sourceTree = "<group>"; };
		F7DF687E1AB9626500484237 /* SBJsonWriter.h */ = {isa = PBXFileReference; fileEncoding = 4; lastKnownFileType = sourcecode.c.h; path = SBJsonWriter.h; sourceTree = "<group>"; };
/* End PBXFileReference section */

/* Begin PBXFrameworksBuildPhase section */
		428268271C280A3100A10A68 /* Frameworks */ = {
			isa = PBXFrameworksBuildPhase;
			buildActionMask = 2147483647;
			files = (
			);
			runOnlyForDeploymentPostprocessing = 0;
		};
		F728A24D1AB7FC27003FDDA4 /* Frameworks */ = {
			isa = PBXFrameworksBuildPhase;
			buildActionMask = 2147483647;
			files = (
				F728A2BE1AB80210003FDDA4 /* Foundation.framework in Frameworks */,
				F728A2BC1AB8020A003FDDA4 /* UIKit.framework in Frameworks */,
				F728A2BA1AB801EE003FDDA4 /* CoreGraphics.framework in Frameworks */,
				F728A2B81AB801E8003FDDA4 /* QuartzCore.framework in Frameworks */,
				F728A2B61AB801E1003FDDA4 /* AVFoundation.framework in Frameworks */,
				42FE64E91C291DD200B6EF17 /* ZXingObjC.framework in Frameworks */,
				F728A2B41AB801D7003FDDA4 /* CoreMedia.framework in Frameworks */,
				F728A2B21AB801CC003FDDA4 /* CoreVideo.framework in Frameworks */,
			);
			runOnlyForDeploymentPostprocessing = 0;
		};
/* End PBXFrameworksBuildPhase section */

/* Begin PBXGroup section */
		4282682B1C280A3100A10A68 /* uexScannerBundle */ = {
			isa = PBXGroup;
			children = (
				421901D81D9E496B00DF94B0 /* ocrBack.png */,
				421901D91D9E496B00DF94B0 /* ocr_flash-off.png */,
				421901DA1D9E496B00DF94B0 /* ocr_albums.png */,
				421901DB1D9E496B00DF94B0 /* line.png */,
				4282684C1C28E8BE00A10A68 /* down.png */,
				4282684D1C28E8BE00A10A68 /* line@2x.png */,
				4282684E1C28E8BE00A10A68 /* ocr_albums@2x.png */,
				4282684F1C28E8BE00A10A68 /* ocr_albums@3x.png */,
				428268501C28E8BE00A10A68 /* ocr_flash-off@2x.png */,
				428268511C28E8BE00A10A68 /* ocr_flash-off@3x.png */,
				428268521C28E8BE00A10A68 /* ocrBack@2x.png */,
				428268531C28E8BE00A10A68 /* ocrBack@3x.png */,
				428268541C28E8BE00A10A68 /* pick_bg.png */,
				428268551C28E8BE00A10A68 /* up.png */,
			);
			path = uexScannerBundle;
			sourceTree = "<group>";
		};
		428268471C28E59300A10A68 /* sourceCode */ = {
			isa = PBXGroup;
			children = (
				428268481C28E59300A10A68 /* uexZXingScannerViewController.h */,
				428268491C28E59300A10A68 /* uexZXingScannerViewController.m */,
				3C6F33061CE315B10079BC1C /* uexAVCaptureOutputViewController.h */,
				3C6F33071CE315B20079BC1C /* uexAVCaptureOutputViewController.m */,
			);
			path = sourceCode;
			sourceTree = "<group>";
		};
		42FE64DE1C29187100B6EF17 /* libs */ = {
			isa = PBXGroup;
			children = (
				42FE64E81C291DD200B6EF17 /* ZXingObjC.framework */,
			);
			path = libs;
			sourceTree = "<group>";
		};
		F728A2471AB7FC27003FDDA4 = {
			isa = PBXGroup;
			children = (
				F728A2521AB7FC27003FDDA4 /* EUExScanner */,
				4282682B1C280A3100A10A68 /* uexScannerBundle */,
				F728A2511AB7FC27003FDDA4 /* Products */,
			);
			sourceTree = "<group>";
		};
		F728A2511AB7FC27003FDDA4 /* Products */ = {
			isa = PBXGroup;
			children = (
				F728A2501AB7FC27003FDDA4 /* libuexScanner.a */,
				4282682A1C280A3100A10A68 /* uexScanner.bundle */,
			);
			name = Products;
			sourceTree = "<group>";
		};
		F728A2521AB7FC27003FDDA4 /* EUExScanner */ = {
			isa = PBXGroup;
			children = (
				42FE64DE1C29187100B6EF17 /* libs */,
				428268471C28E59300A10A68 /* sourceCode */,
				F728A2BF1AB80265003FDDA4 /* Frameworks */,
				F728A2A71AB7FF2E003FDDA4 /* engineHeader */,
				F7DF68771AB9626500484237 /* JSON */,
				F728A2AC1AB80084003FDDA4 /* EUExScanner.h */,
				F728A2AD1AB80084003FDDA4 /* EUExScanner.m */,
				428268461C28E52800A10A68 /* PrefixHeader.pch */,
			);
			path = EUExScanner;
			sourceTree = "<group>";
		};
		F728A2A71AB7FF2E003FDDA4 /* engineHeader */ = {
			isa = PBXGroup;
			children = (
				428268321C280B7B00A10A68 /* EUtility.h */,
				F728A2A81AB7FF2E003FDDA4 /* EUExBase.h */,
				F728A2A91AB7FF2E003FDDA4 /* EUExBaseDefine.h */,
			);
			path = engineHeader;
			sourceTree = "<group>";
		};
		F728A2BF1AB80265003FDDA4 /* Frameworks */ = {
			isa = PBXGroup;
			children = (
				F728A2BD1AB80210003FDDA4 /* Foundation.framework */,
				F728A2BB1AB8020A003FDDA4 /* UIKit.framework */,
				F728A2B91AB801EE003FDDA4 /* CoreGraphics.framework */,
				F728A2B71AB801E8003FDDA4 /* QuartzCore.framework */,
				F728A2B51AB801E1003FDDA4 /* AVFoundation.framework */,
				F728A2B31AB801D7003FDDA4 /* CoreMedia.framework */,
				F728A2B11AB801CC003FDDA4 /* CoreVideo.framework */,
			);
			name = Frameworks;
			sourceTree = "<group>";
		};
		F7DF68771AB9626500484237 /* JSON */ = {
			isa = PBXGroup;
			children = (
				F7DF68781AB9626500484237 /* JSON.h */,
				F7DF68791AB9626500484237 /* NSObject+SBJSON.h */,
				F7DF687A1AB9626500484237 /* NSString+SBJSON.h */,
				F7DF687B1AB9626500484237 /* SBJSON.h */,
				F7DF687C1AB9626500484237 /* SBJsonBase.h */,
				F7DF687D1AB9626500484237 /* SBJsonParser.h */,
				F7DF687E1AB9626500484237 /* SBJsonWriter.h */,
			);
			path = JSON;
			sourceTree = "<group>";
		};
/* End PBXGroup section */

/* Begin PBXNativeTarget section */
		428268291C280A3100A10A68 /* uexScannerBundle */ = {
			isa = PBXNativeTarget;
			buildConfigurationList = 4282682D1C280A3100A10A68 /* Build configuration list for PBXNativeTarget "uexScannerBundle" */;
			buildPhases = (
				428268261C280A3100A10A68 /* Sources */,
				428268271C280A3100A10A68 /* Frameworks */,
				428268281C280A3100A10A68 /* Resources */,
			);
			buildRules = (
			);
			dependencies = (
			);
			name = uexScannerBundle;
			productName = uexScannerBundle;
			productReference = 4282682A1C280A3100A10A68 /* uexScanner.bundle */;
			productType = "com.apple.product-type.bundle";
		};
		F728A24F1AB7FC27003FDDA4 /* EUExScanner */ = {
			isa = PBXNativeTarget;
			buildConfigurationList = F728A2641AB7FC27003FDDA4 /* Build configuration list for PBXNativeTarget "EUExScanner" */;
			buildPhases = (
				F728A24C1AB7FC27003FDDA4 /* Sources */,
				F728A24D1AB7FC27003FDDA4 /* Frameworks */,
				F728A24E1AB7FC27003FDDA4 /* CopyFiles */,
			);
			buildRules = (
			);
			dependencies = (
				42B6883C1C4CAF9E0076EA30 /* PBXTargetDependency */,
			);
			name = EUExScanner;
			productName = EUExScanner;
			productReference = F728A2501AB7FC27003FDDA4 /* libuexScanner.a */;
			productType = "com.apple.product-type.library.static";
		};
/* End PBXNativeTarget section */

/* Begin PBXProject section */
		F728A2481AB7FC27003FDDA4 /* Project object */ = {
			isa = PBXProject;
			attributes = {
				LastUpgradeCheck = 0610;
				ORGANIZATIONNAME = AppCan.can;
				TargetAttributes = {
					428268291C280A3100A10A68 = {
						CreatedOnToolsVersion = 7.2;
					};
					F728A24F1AB7FC27003FDDA4 = {
						CreatedOnToolsVersion = 6.1.1;
					};
				};
			};
			buildConfigurationList = F728A24B1AB7FC27003FDDA4 /* Build configuration list for PBXProject "EUExScanner" */;
			compatibilityVersion = "Xcode 3.2";
			developmentRegion = English;
			hasScannedForEncodings = 0;
			knownRegions = (
				en,
			);
			mainGroup = F728A2471AB7FC27003FDDA4;
			productRefGroup = F728A2511AB7FC27003FDDA4 /* Products */;
			projectDirPath = "";
			projectRoot = "";
			targets = (
				F728A24F1AB7FC27003FDDA4 /* EUExScanner */,
				428268291C280A3100A10A68 /* uexScannerBundle */,
			);
		};
/* End PBXProject section */

/* Begin PBXResourcesBuildPhase section */
		428268281C280A3100A10A68 /* Resources */ = {
			isa = PBXResourcesBuildPhase;
			buildActionMask = 2147483647;
			files = (
				4282685D1C28E8BE00A10A68 /* ocrBack@2x.png in Resources */,
				421901DF1D9E496B00DF94B0 /* line.png in Resources */,
				421901DD1D9E496B00DF94B0 /* ocr_flash-off.png in Resources */,
				4282685F1C28E8BE00A10A68 /* pick_bg.png in Resources */,
				421901DE1D9E496B00DF94B0 /* ocr_albums.png in Resources */,
				428268591C28E8BE00A10A68 /* ocr_albums@2x.png in Resources */,
				4282685B1C28E8BE00A10A68 /* ocr_flash-off@2x.png in Resources */,
				428268581C28E8BE00A10A68 /* line@2x.png in Resources */,
				428268571C28E8BE00A10A68 /* down.png in Resources */,
				428268601C28E8BE00A10A68 /* up.png in Resources */,
				4282685A1C28E8BE00A10A68 /* ocr_albums@3x.png in Resources */,
				421901DC1D9E496B00DF94B0 /* ocrBack.png in Resources */,
				4282685C1C28E8BE00A10A68 /* ocr_flash-off@3x.png in Resources */,
				4282685E1C28E8BE00A10A68 /* ocrBack@3x.png in Resources */,
			);
			runOnlyForDeploymentPostprocessing = 0;
		};
/* End PBXResourcesBuildPhase section */

/* Begin PBXSourcesBuildPhase section */
		428268261C280A3100A10A68 /* Sources */ = {
			isa = PBXSourcesBuildPhase;
			buildActionMask = 2147483647;
			files = (
			);
			runOnlyForDeploymentPostprocessing = 0;
		};
		F728A24C1AB7FC27003FDDA4 /* Sources */ = {
			isa = PBXSourcesBuildPhase;
			buildActionMask = 2147483647;
			files = (
				F728A2AE1AB80084003FDDA4 /* EUExScanner.m in Sources */,
				3C6F33081CE315B20079BC1C /* uexAVCaptureOutputViewController.m in Sources */,
				4282684A1C28E59300A10A68 /* uexZXingScannerViewController.m in Sources */,
			);
			runOnlyForDeploymentPostprocessing = 0;
		};
/* End PBXSourcesBuildPhase section */

/* Begin PBXTargetDependency section */
		42B6883C1C4CAF9E0076EA30 /* PBXTargetDependency */ = {
			isa = PBXTargetDependency;
			target = 428268291C280A3100A10A68 /* uexScannerBundle */;
			targetProxy = 42B6883B1C4CAF9E0076EA30 /* PBXContainerItemProxy */;
		};
/* End PBXTargetDependency section */

/* Begin XCBuildConfiguration section */
		4282682E1C280A3100A10A68 /* Debug */ = {
			isa = XCBuildConfiguration;
			buildSettings = {
				CODE_SIGN_IDENTITY = "";
				COMBINE_HIDPI_IMAGES = NO;
				DEBUG_INFORMATION_FORMAT = dwarf;
				ENABLE_TESTABILITY = YES;
				GCC_NO_COMMON_BLOCKS = YES;
				INFOPLIST_EXPAND_BUILD_SETTINGS = NO;
				INFOPLIST_FILE = "";
				INSTALL_PATH = "$(LOCAL_LIBRARY_DIR)/Bundles";
				MACOSX_DEPLOYMENT_TARGET = 10.11;
				PRODUCT_BUNDLE_IDENTIFIER = com.zywx.uexScannerBundle;
				PRODUCT_MODULE_NAME = uexScanner;
				PRODUCT_NAME = uexScanner;
				SDKROOT = macosx;
				SKIP_INSTALL = YES;
				WRAPPER_EXTENSION = bundle;
			};
			name = Debug;
		};
		4282682F1C280A3100A10A68 /* Release */ = {
			isa = XCBuildConfiguration;
			buildSettings = {
				CODE_SIGN_IDENTITY = "";
				COMBINE_HIDPI_IMAGES = NO;
				COPY_PHASE_STRIP = NO;
				DEBUG_INFORMATION_FORMAT = dwarf;
				GCC_NO_COMMON_BLOCKS = YES;
				INFOPLIST_EXPAND_BUILD_SETTINGS = NO;
				INFOPLIST_FILE = "";
				INSTALL_PATH = "$(LOCAL_LIBRARY_DIR)/Bundles";
				MACOSX_DEPLOYMENT_TARGET = 10.11;
				PRODUCT_BUNDLE_IDENTIFIER = com.zywx.uexScannerBundle;
				PRODUCT_MODULE_NAME = uexScanner;
				PRODUCT_NAME = uexScanner;
				SDKROOT = macosx;
				SKIP_INSTALL = YES;
				WRAPPER_EXTENSION = bundle;
			};
			name = Release;
		};
		F728A2621AB7FC27003FDDA4 /* Debug */ = {
			isa = XCBuildConfiguration;
			buildSettings = {
				ALWAYS_SEARCH_USER_PATHS = NO;
				CLANG_CXX_LANGUAGE_STANDARD = "gnu++0x";
				CLANG_CXX_LIBRARY = "libc++";
				CLANG_ENABLE_MODULES = YES;
				CLANG_ENABLE_OBJC_ARC = YES;
				CLANG_WARN_BOOL_CONVERSION = YES;
				CLANG_WARN_CONSTANT_CONVERSION = YES;
				CLANG_WARN_DIRECT_OBJC_ISA_USAGE = YES_ERROR;
				CLANG_WARN_EMPTY_BODY = YES;
				CLANG_WARN_ENUM_CONVERSION = YES;
				CLANG_WARN_INT_CONVERSION = YES;
				CLANG_WARN_OBJC_ROOT_CLASS = YES_ERROR;
				CLANG_WARN_UNREACHABLE_CODE = YES;
				CLANG_WARN__DUPLICATE_METHOD_MATCH = YES;
				CONFIGURATION_BUILD_DIR = "$(SRCROOT)/uexScanner/";
				COPY_PHASE_STRIP = NO;
				ENABLE_STRICT_OBJC_MSGSEND = YES;
				GCC_C_LANGUAGE_STANDARD = gnu99;
				GCC_DYNAMIC_NO_PIC = NO;
				GCC_OPTIMIZATION_LEVEL = 0;
				GCC_PREPROCESSOR_DEFINITIONS = (
					"DEBUG=1",
					"$(inherited)",
				);
				GCC_SYMBOLS_PRIVATE_EXTERN = NO;
				GCC_WARN_64_TO_32_BIT_CONVERSION = YES;
				GCC_WARN_ABOUT_RETURN_TYPE = YES_ERROR;
				GCC_WARN_UNDECLARED_SELECTOR = YES;
				GCC_WARN_UNINITIALIZED_AUTOS = YES_AGGRESSIVE;
				GCC_WARN_UNUSED_FUNCTION = YES;
				GCC_WARN_UNUSED_VARIABLE = YES;
				IPHONEOS_DEPLOYMENT_TARGET = 6.0;
				MTL_ENABLE_DEBUG_INFO = YES;
				ONLY_ACTIVE_ARCH = YES;
				SDKROOT = iphoneos;
			};
			name = Debug;
		};
		F728A2631AB7FC27003FDDA4 /* Release */ = {
			isa = XCBuildConfiguration;
			buildSettings = {
				ALWAYS_SEARCH_USER_PATHS = NO;
				CLANG_CXX_LANGUAGE_STANDARD = "gnu++0x";
				CLANG_CXX_LIBRARY = "libc++";
				CLANG_ENABLE_MODULES = YES;
				CLANG_ENABLE_OBJC_ARC = YES;
				CLANG_WARN_BOOL_CONVERSION = YES;
				CLANG_WARN_CONSTANT_CONVERSION = YES;
				CLANG_WARN_DIRECT_OBJC_ISA_USAGE = YES_ERROR;
				CLANG_WARN_EMPTY_BODY = YES;
				CLANG_WARN_ENUM_CONVERSION = YES;
				CLANG_WARN_INT_CONVERSION = YES;
				CLANG_WARN_OBJC_ROOT_CLASS = YES_ERROR;
				CLANG_WARN_UNREACHABLE_CODE = YES;
				CLANG_WARN__DUPLICATE_METHOD_MATCH = YES;
				CONFIGURATION_BUILD_DIR = "$(SRCROOT)/uexScanner/";
				COPY_PHASE_STRIP = YES;
				ENABLE_NS_ASSERTIONS = NO;
				ENABLE_STRICT_OBJC_MSGSEND = YES;
				GCC_C_LANGUAGE_STANDARD = gnu99;
				GCC_WARN_64_TO_32_BIT_CONVERSION = YES;
				GCC_WARN_ABOUT_RETURN_TYPE = YES_ERROR;
				GCC_WARN_UNDECLARED_SELECTOR = YES;
				GCC_WARN_UNINITIALIZED_AUTOS = YES_AGGRESSIVE;
				GCC_WARN_UNUSED_FUNCTION = YES;
				GCC_WARN_UNUSED_VARIABLE = YES;
				IPHONEOS_DEPLOYMENT_TARGET = 6.0;
				MTL_ENABLE_DEBUG_INFO = NO;
				SDKROOT = iphoneos;
				VALIDATE_PRODUCT = YES;
			};
			name = Release;
		};
		F728A2651AB7FC27003FDDA4 /* Debug */ = {
			isa = XCBuildConfiguration;
			buildSettings = {
				DEBUG_INFORMATION_FORMAT = dwarf;
				FRAMEWORK_SEARCH_PATHS = (
					"$(inherited)",
					"$(PROJECT_DIR)/EUExScanner/libs",
				);
				GCC_PRECOMPILE_PREFIX_HEADER = YES;
				GCC_PREFIX_HEADER = $SRCROOT/EUExScanner/PrefixHeader.pch;
				LIBRARY_SEARCH_PATHS = (
					"$(inherited)",
					"$(PROJECT_DIR)/EUExScanner/ZBarSDK",
				);
				OTHER_LDFLAGS = "-ObjC";
				PRODUCT_NAME = uexScanner;
				SKIP_INSTALL = YES;
			};
			name = Debug;
		};
		F728A2661AB7FC27003FDDA4 /* Release */ = {
			isa = XCBuildConfiguration;
			buildSettings = {
				DEBUG_INFORMATION_FORMAT = dwarf;
				FRAMEWORK_SEARCH_PATHS = (
					"$(inherited)",
					"$(PROJECT_DIR)/EUExScanner/libs",
				);
				GCC_PRECOMPILE_PREFIX_HEADER = YES;
				GCC_PREFIX_HEADER = $SRCROOT/EUExScanner/PrefixHeader.pch;
				LIBRARY_SEARCH_PATHS = (
					"$(inherited)",
					"$(PROJECT_DIR)/EUExScanner/ZBarSDK",
				);
				OTHER_LDFLAGS = "-ObjC";
				PRODUCT_NAME = uexScanner;
				SKIP_INSTALL = YES;
			};
			name = Release;
		};
/* End XCBuildConfiguration section */

/* Begin XCConfigurationList section */
		4282682D1C280A3100A10A68 /* Build configuration list for PBXNativeTarget "uexScannerBundle" */ = {
			isa = XCConfigurationList;
			buildConfigurations = (
				4282682E1C280A3100A10A68 /* Debug */,
				4282682F1C280A3100A10A68 /* Release */,
			);
			defaultConfigurationIsVisible = 0;
			defaultConfigurationName = Release;
		};
		F728A24B1AB7FC27003FDDA4 /* Build configuration list for PBXProject "EUExScanner" */ = {
			isa = XCConfigurationList;
			buildConfigurations = (
				F728A2621AB7FC27003FDDA4 /* Debug */,
				F728A2631AB7FC27003FDDA4 /* Release */,
			);
			defaultConfigurationIsVisible = 0;
			defaultConfigurationName = Release;
		};
		F728A2641AB7FC27003FDDA4 /* Build configuration list for PBXNativeTarget "EUExScanner" */ = {
			isa = XCConfigurationList;
			buildConfigurations = (
				F728A2651AB7FC27003FDDA4 /* Debug */,
				F728A2661AB7FC27003FDDA4 /* Release */,
			);
			defaultConfigurationIsVisible = 0;
			defaultConfigurationName = Release;
		};
/* End XCConfigurationList section */
	};
	rootObject = F728A2481AB7FC27003FDDA4 /* Project object */;
}
